
Microsoft Visual Studio Solution File, Format Version 12.00
# Visual Studio Version 16
VisualStudioVersion = 16.0.30114.105
MinimumVisualStudioVersion = 10.0.40219.1
Project("{FAE04EC0-301F-11D3-BF4B-00C04F79EFBC}") = "KKHProject", "KKHProject\KKHProject.csproj", "{0F3B58FF-BC26-4D6F-B461-B31150254E16}"
EndProject
Global
	GlobalSection(SolutionConfigurationPlatforms) = preSolution
		Debug|Any CPU = Debug|Any CPU
		Release|Any CPU = Release|Any CPU
	EndGlobalSection
	GlobalSection(ProjectConfigurationPlatforms) = postSolution
		{0F3B58FF-BC26-4D6F-B461-B31150254E16}.Debug|Any CPU.ActiveCfg = Debug|Any CPU
		{0F3B58FF-BC26-4D6F-B461-B31150254E16}.Debug|Any CPU.Build.0 = Debug|Any CPU
		{0F3B58FF-BC26-4D6F-B461-B31150254E16}.Release|Any CPU.ActiveCfg = Release|Any CPU
		{0F3B58FF-BC26-4D6F-B461-B31150254E16}.Release|Any CPU.Build.0 = Release|Any CPU
	EndGlobalSection
	GlobalSection(SolutionProperties) = preSolution
		HideSolutionNode = FALSE
	EndGlobalSection
	GlobalSection(ExtensibilityGlobals) = postSolution
		SolutionGuid = {A88C4143-E2E8-4911-BD23-A850934AA7CB}
	EndGlobalSection
EndGlobal
